// !$*UTF8*$!
{
	archiveVersion = 1;
	classes = {
	};
	objectVersion = 50;
	objects = {

/* Begin PBXBuildFile section */
		313293F422D860DF0039DE38 /* NewsResponse.swift in Sources */ = {isa = PBXBuildFile; fileRef = 313293F322D860DF0039DE38 /* NewsResponse.swift */; };
		313293F622D8640D0039DE38 /* NetworkDataFetcher.swift in Sources */ = {isa = PBXBuildFile; fileRef = 313293F522D8640D0039DE38 /* NetworkDataFetcher.swift */; };
		313293FF22D881CE0039DE38 /* NewsFeedPresenter.swift in Sources */ = {isa = PBXBuildFile; fileRef = 313293F822D881CE0039DE38 /* NewsFeedPresenter.swift */; };
		3132940022D881CE0039DE38 /* NewsFeedWorker.swift in Sources */ = {isa = PBXBuildFile; fileRef = 313293F922D881CE0039DE38 /* NewsFeedWorker.swift */; };
		3132940122D881CE0039DE38 /* NewsFeedRouter.swift in Sources */ = {isa = PBXBuildFile; fileRef = 313293FA22D881CE0039DE38 /* NewsFeedRouter.swift */; };
		3132940222D881CE0039DE38 /* NewsFeedModels.swift in Sources */ = {isa = PBXBuildFile; fileRef = 313293FB22D881CE0039DE38 /* NewsFeedModels.swift */; };
		3132940322D881CE0039DE38 /* NewsFeedViewController.swift in Sources */ = {isa = PBXBuildFile; fileRef = 313293FC22D881CE0039DE38 /* NewsFeedViewController.swift */; };
		3132940422D881CE0039DE38 /* NewsFeedInteractor.swift in Sources */ = {isa = PBXBuildFile; fileRef = 313293FD22D881CE0039DE38 /* NewsFeedInteractor.swift */; };
		3132940922D8929F0039DE38 /* NewsFeedCell.swift in Sources */ = {isa = PBXBuildFile; fileRef = 3132940822D8929F0039DE38 /* NewsFeedCell.swift */; };
		3132940C22D8935D0039DE38 /* NewsFeedCell.xib in Resources */ = {isa = PBXBuildFile; fileRef = 3132940B22D8935D0039DE38 /* NewsFeedCell.xib */; };
		313C2EE722E057C000E8B598 /* String Extenssion.swift in Sources */ = {isa = PBXBuildFile; fileRef = 313C2EE622E057C000E8B598 /* String Extenssion.swift */; };
		3191E75A22DD061D009E353E /* NewsFeedCellLayoutcalculator.swift in Sources */ = {isa = PBXBuildFile; fileRef = 3191E75922DD061D009E353E /* NewsFeedCellLayoutcalculator.swift */; };
		31A9391122DC8E0300EE10CD /* WebImageView.swift in Sources */ = {isa = PBXBuildFile; fileRef = 31A9391022DC8E0300EE10CD /* WebImageView.swift */; };
		31E818FD22D7289400D1D5B6 /* AppDelegate.swift in Sources */ = {isa = PBXBuildFile; fileRef = 31E818FC22D7289400D1D5B6 /* AppDelegate.swift */; };
		31E818FF22D7289400D1D5B6 /* ViewController.swift in Sources */ = {isa = PBXBuildFile; fileRef = 31E818FE22D7289400D1D5B6 /* ViewController.swift */; };
		31E8190222D7289400D1D5B6 /* Main.storyboard in Resources */ = {isa = PBXBuildFile; fileRef = 31E8190022D7289400D1D5B6 /* Main.storyboard */; };
		31E8190422D7289600D1D5B6 /* Assets.xcassets in Resources */ = {isa = PBXBuildFile; fileRef = 31E8190322D7289600D1D5B6 /* Assets.xcassets */; };
		31E8190722D7289600D1D5B6 /* LaunchScreen.storyboard in Resources */ = {isa = PBXBuildFile; fileRef = 31E8190522D7289600D1D5B6 /* LaunchScreen.storyboard */; };
		31E8191022D73A8200D1D5B6 /* VKSdkFramework.framework in Frameworks */ = {isa = PBXBuildFile; fileRef = 31E8190F22D73A8200D1D5B6 /* VKSdkFramework.framework */; };
		31E8191322D7413200D1D5B6 /* AuthenticationService.swift in Sources */ = {isa = PBXBuildFile; fileRef = 31E8191222D7413200D1D5B6 /* AuthenticationService.swift */; };
		31E8191E22D775D900D1D5B6 /* NetworkService.swift in Sources */ = {isa = PBXBuildFile; fileRef = 31E8191D22D775D900D1D5B6 /* NetworkService.swift */; };
		31E8192022D7781400D1D5B6 /* API.swift in Sources */ = {isa = PBXBuildFile; fileRef = 31E8191F22D7781400D1D5B6 /* API.swift */; };
/* End PBXBuildFile section */

/* Begin PBXFileReference section */
		313293F322D860DF0039DE38 /* NewsResponse.swift */ = {isa = PBXFileReference; lastKnownFileType = sourcecode.swift; path = NewsResponse.swift; sourceTree = "<group>"; };
		313293F522D8640D0039DE38 /* NetworkDataFetcher.swift */ = {isa = PBXFileReference; lastKnownFileType = sourcecode.swift; path = NetworkDataFetcher.swift; sourceTree = "<group>"; };
		313293F822D881CE0039DE38 /* NewsFeedPresenter.swift */ = {isa = PBXFileReference; lastKnownFileType = sourcecode.swift; path = NewsFeedPresenter.swift; sourceTree = "<group>"; };
		313293F922D881CE0039DE38 /* NewsFeedWorker.swift */ = {isa = PBXFileReference; lastKnownFileType = sourcecode.swift; path = NewsFeedWorker.swift; sourceTree = "<group>"; };
		313293FA22D881CE0039DE38 /* NewsFeedRouter.swift */ = {isa = PBXFileReference; lastKnownFileType = sourcecode.swift; path = NewsFeedRouter.swift; sourceTree = "<group>"; };
		313293FB22D881CE0039DE38 /* NewsFeedModels.swift */ = {isa = PBXFileReference; lastKnownFileType = sourcecode.swift; path = NewsFeedModels.swift; sourceTree = "<group>"; };
		313293FC22D881CE0039DE38 /* NewsFeedViewController.swift */ = {isa = PBXFileReference; lastKnownFileType = sourcecode.swift; path = NewsFeedViewController.swift; sourceTree = "<group>"; };
		313293FD22D881CE0039DE38 /* NewsFeedInteractor.swift */ = {isa = PBXFileReference; lastKnownFileType = sourcecode.swift; path = NewsFeedInteractor.swift; sourceTree = "<group>"; };
		3132940822D8929F0039DE38 /* NewsFeedCell.swift */ = {isa = PBXFileReference; lastKnownFileType = sourcecode.swift; path = NewsFeedCell.swift; sourceTree = "<group>"; };
		3132940B22D8935D0039DE38 /* NewsFeedCell.xib */ = {isa = PBXFileReference; lastKnownFileType = file.xib; path = NewsFeedCell.xib; sourceTree = "<group>"; };
		313C2EE622E057C000E8B598 /* String Extenssion.swift */ = {isa = PBXFileReference; lastKnownFileType = sourcecode.swift; path = "String Extenssion.swift"; sourceTree = "<group>"; };
		3191E75922DD061D009E353E /* NewsFeedCellLayoutcalculator.swift */ = {isa = PBXFileReference; lastKnownFileType = sourcecode.swift; path = NewsFeedCellLayoutcalculator.swift; sourceTree = "<group>"; };
		31A9391022DC8E0300EE10CD /* WebImageView.swift */ = {isa = PBXFileReference; lastKnownFileType = sourcecode.swift; path = WebImageView.swift; sourceTree = "<group>"; };
		31E818F922D7289400D1D5B6 /* VKNews.app */ = {isa = PBXFileReference; explicitFileType = wrapper.application; includeInIndex = 0; path = VKNews.app; sourceTree = BUILT_PRODUCTS_DIR; };
		31E818FC22D7289400D1D5B6 /* AppDelegate.swift */ = {isa = PBXFileReference; lastKnownFileType = sourcecode.swift; path = AppDelegate.swift; sourceTree = "<group>"; };
		31E818FE22D7289400D1D5B6 /* ViewController.swift */ = {isa = PBXFileReference; lastKnownFileType = sourcecode.swift; path = ViewController.swift; sourceTree = "<group>"; };
		31E8190122D7289400D1D5B6 /* Base */ = {isa = PBXFileReference; lastKnownFileType = file.storyboard; name = Base; path = Base.lproj/Main.storyboard; sourceTree = "<group>"; };
		31E8190322D7289600D1D5B6 /* Assets.xcassets */ = {isa = PBXFileReference; lastKnownFileType = folder.assetcatalog; path = Assets.xcassets; sourceTree = "<group>"; };
		31E8190622D7289600D1D5B6 /* Base */ = {isa = PBXFileReference; lastKnownFileType = file.storyboard; name = Base; path = Base.lproj/LaunchScreen.storyboard; sourceTree = "<group>"; };
		31E8190822D7289600D1D5B6 /* Info.plist */ = {isa = PBXFileReference; lastKnownFileType = text.plist.xml; path = Info.plist; sourceTree = "<group>"; };
		31E8190F22D73A8200D1D5B6 /* VKSdkFramework.framework */ = {isa = PBXFileReference; lastKnownFileType = wrapper.framework; name = VKSdkFramework.framework; path = Carthage/Build/iOS/VKSdkFramework.framework; sourceTree = "<group>"; };
		31E8191222D7413200D1D5B6 /* AuthenticationService.swift */ = {isa = PBXFileReference; lastKnownFileType = sourcecode.swift; path = AuthenticationService.swift; sourceTree = "<group>"; };
		31E8191D22D775D900D1D5B6 /* NetworkService.swift */ = {isa = PBXFileReference; lastKnownFileType = sourcecode.swift; path = NetworkService.swift; sourceTree = "<group>"; };
		31E8191F22D7781400D1D5B6 /* API.swift */ = {isa = PBXFileReference; lastKnownFileType = sourcecode.swift; path = API.swift; sourceTree = "<group>"; };
/* End PBXFileReference section */

/* Begin PBXFrameworksBuildPhase section */
		31E818F622D7289400D1D5B6 /* Frameworks */ = {
			isa = PBXFrameworksBuildPhase;
			buildActionMask = 2147483647;
			files = (
				31E8191022D73A8200D1D5B6 /* VKSdkFramework.framework in Frameworks */,
			);
			runOnlyForDeploymentPostprocessing = 0;
		};
/* End PBXFrameworksBuildPhase section */

/* Begin PBXGroup section */
		313293F022D85FDF0039DE38 /* Model */ = {
			isa = PBXGroup;
			children = (
				313293F322D860DF0039DE38 /* NewsResponse.swift */,
			);
			path = Model;
			sourceTree = "<group>";
		};
		313293F122D85FF10039DE38 /* Controller */ = {
			isa = PBXGroup;
			children = (
				31E818FE22D7289400D1D5B6 /* ViewController.swift */,
			);
			path = Controller;
			sourceTree = "<group>";
		};
		313293F222D860130039DE38 /* View */ = {
			isa = PBXGroup;
			children = (
				31E8190022D7289400D1D5B6 /* Main.storyboard */,
				31E8190522D7289600D1D5B6 /* LaunchScreen.storyboard */,
			);
			path = View;
			sourceTree = "<group>";
		};
		313293F722D8819D0039DE38 /* NewsFeed */ = {
			isa = PBXGroup;
			children = (
				3132940A22D893380039DE38 /* NewsFeedCell */,
				313293F822D881CE0039DE38 /* NewsFeedPresenter.swift */,
				313293F922D881CE0039DE38 /* NewsFeedWorker.swift */,
				313293FA22D881CE0039DE38 /* NewsFeedRouter.swift */,
				313293FB22D881CE0039DE38 /* NewsFeedModels.swift */,
				313293FC22D881CE0039DE38 /* NewsFeedViewController.swift */,
				313293FD22D881CE0039DE38 /* NewsFeedInteractor.swift */,
			);
			path = NewsFeed;
			sourceTree = "<group>";
		};
		3132940A22D893380039DE38 /* NewsFeedCell */ = {
			isa = PBXGroup;
			children = (
				3132940822D8929F0039DE38 /* NewsFeedCell.swift */,
				3132940B22D8935D0039DE38 /* NewsFeedCell.xib */,
				3191E75922DD061D009E353E /* NewsFeedCellLayoutcalculator.swift */,
			);
			path = NewsFeedCell;
			sourceTree = "<group>";
		};
		31A9390F22DC8DED00EE10CD /* Helpers */ = {
			isa = PBXGroup;
			children = (
				31A9391022DC8E0300EE10CD /* WebImageView.swift */,
				313C2EE622E057C000E8B598 /* String Extenssion.swift */,
			);
			path = Helpers;
			sourceTree = "<group>";
		};
		31E818F022D7289400D1D5B6 = {
			isa = PBXGroup;
			children = (
				31E818FB22D7289400D1D5B6 /* VKNews */,
				31E818FA22D7289400D1D5B6 /* Products */,
				31E8190E22D73A8200D1D5B6 /* Frameworks */,
			);
			sourceTree = "<group>";
		};
		31E818FA22D7289400D1D5B6 /* Products */ = {
			isa = PBXGroup;
			children = (
				31E818F922D7289400D1D5B6 /* VKNews.app */,
			);
			name = Products;
			sourceTree = "<group>";
		};
		31E818FB22D7289400D1D5B6 /* VKNews */ = {
			isa = PBXGroup;
			children = (
				313293F722D8819D0039DE38 /* NewsFeed */,
				313293F022D85FDF0039DE38 /* Model */,
				313293F222D860130039DE38 /* View */,
				313293F122D85FF10039DE38 /* Controller */,
				31E8191422D7430700D1D5B6 /* Services */,
				31A9390F22DC8DED00EE10CD /* Helpers */,
				31E818FC22D7289400D1D5B6 /* AppDelegate.swift */,
				31E8190322D7289600D1D5B6 /* Assets.xcassets */,
				31E8190822D7289600D1D5B6 /* Info.plist */,
			);
			path = VKNews;
			sourceTree = "<group>";
		};
		31E8190E22D73A8200D1D5B6 /* Frameworks */ = {
			isa = PBXGroup;
			children = (
				31E8190F22D73A8200D1D5B6 /* VKSdkFramework.framework */,
			);
			name = Frameworks;
			sourceTree = "<group>";
		};
		31E8191422D7430700D1D5B6 /* Services */ = {
			isa = PBXGroup;
			children = (
				31E8191222D7413200D1D5B6 /* AuthenticationService.swift */,
				31E8191D22D775D900D1D5B6 /* NetworkService.swift */,
				31E8191F22D7781400D1D5B6 /* API.swift */,
				313293F522D8640D0039DE38 /* NetworkDataFetcher.swift */,
			);
			path = Services;
			sourceTree = "<group>";
		};
/* End PBXGroup section */

/* Begin PBXNativeTarget section */
		31E818F822D7289400D1D5B6 /* VKNews */ = {
			isa = PBXNativeTarget;
			buildConfigurationList = 31E8190B22D7289600D1D5B6 /* Build configuration list for PBXNativeTarget "VKNews" */;
			buildPhases = (
				31E818F522D7289400D1D5B6 /* Sources */,
				31E818F622D7289400D1D5B6 /* Frameworks */,
				31E818F722D7289400D1D5B6 /* Resources */,
				31E8191122D73A9B00D1D5B6 /* ShellScript */,
			);
			buildRules = (
			);
			dependencies = (
			);
			name = VKNews;
			productName = VKNews;
			productReference = 31E818F922D7289400D1D5B6 /* VKNews.app */;
			productType = "com.apple.product-type.application";
		};
/* End PBXNativeTarget section */

/* Begin PBXProject section */
		31E818F122D7289400D1D5B6 /* Project object */ = {
			isa = PBXProject;
			attributes = {
				LastSwiftUpdateCheck = 1020;
				LastUpgradeCheck = 1020;
				ORGANIZATIONNAME = GP;
				TargetAttributes = {
					31E818F822D7289400D1D5B6 = {
						CreatedOnToolsVersion = 10.2.1;
					};
				};
			};
			buildConfigurationList = 31E818F422D7289400D1D5B6 /* Build configuration list for PBXProject "VKNews" */;
			compatibilityVersion = "Xcode 9.3";
			developmentRegion = en;
			hasScannedForEncodings = 0;
			knownRegions = (
				en,
				Base,
			);
			mainGroup = 31E818F022D7289400D1D5B6;
			productRefGroup = 31E818FA22D7289400D1D5B6 /* Products */;
			projectDirPath = "";
			projectRoot = "";
			targets = (
				31E818F822D7289400D1D5B6 /* VKNews */,
			);
		};
/* End PBXProject section */

/* Begin PBXResourcesBuildPhase section */
		31E818F722D7289400D1D5B6 /* Resources */ = {
			isa = PBXResourcesBuildPhase;
			buildActionMask = 2147483647;
			files = (
				31E8190722D7289600D1D5B6 /* LaunchScreen.storyboard in Resources */,
				31E8190422D7289600D1D5B6 /* Assets.xcassets in Resources */,
				3132940C22D8935D0039DE38 /* NewsFeedCell.xib in Resources */,
				31E8190222D7289400D1D5B6 /* Main.storyboard in Resources */,
			);
			runOnlyForDeploymentPostprocessing = 0;
		};
/* End PBXResourcesBuildPhase section */

/* Begin PBXShellScriptBuildPhase section */
		31E8191122D73A9B00D1D5B6 /* ShellScript */ = {
			isa = PBXShellScriptBuildPhase;
			buildActionMask = 2147483647;
			files = (
			);
			inputFileListPaths = (
			);
			inputPaths = (
				"$(SRCROOT)/Carthage/Build/iOS/VKSdkFramework.framework",
			);
			outputFileListPaths = (
			);
			outputPaths = (
			);
			runOnlyForDeploymentPostprocessing = 0;
			shellPath = /bin/sh;
			shellScript = "/usr/local/bin/carthage copy-frameworks\n";
		};
/* End PBXShellScriptBuildPhase section */

/* Begin PBXSourcesBuildPhase section */
		31E818F522D7289400D1D5B6 /* Sources */ = {
			isa = PBXSourcesBuildPhase;
			buildActionMask = 2147483647;
			files = (
				3132940222D881CE0039DE38 /* NewsFeedModels.swift in Sources */,
				3132940122D881CE0039DE38 /* NewsFeedRouter.swift in Sources */,
				313293F622D8640D0039DE38 /* NetworkDataFetcher.swift in Sources */,
				313C2EE722E057C000E8B598 /* String Extenssion.swift in Sources */,
				313293F422D860DF0039DE38 /* NewsResponse.swift in Sources */,
				31E8191E22D775D900D1D5B6 /* NetworkService.swift in Sources */,
				3132940922D8929F0039DE38 /* NewsFeedCell.swift in Sources */,
				3132940422D881CE0039DE38 /* NewsFeedInteractor.swift in Sources */,
				313293FF22D881CE0039DE38 /* NewsFeedPresenter.swift in Sources */,
				3132940022D881CE0039DE38 /* NewsFeedWorker.swift in Sources */,
				31E8191322D7413200D1D5B6 /* AuthenticationService.swift in Sources */,
				31A9391122DC8E0300EE10CD /* WebImageView.swift in Sources */,
				31E818FF22D7289400D1D5B6 /* ViewController.swift in Sources */,
				31E818FD22D7289400D1D5B6 /* AppDelegate.swift in Sources */,
				31E8192022D7781400D1D5B6 /* API.swift in Sources */,
				3191E75A22DD061D009E353E /* NewsFeedCellLayoutcalculator.swift in Sources */,
				3132940322D881CE0039DE38 /* NewsFeedViewController.swift in Sources */,
			);
			runOnlyForDeploymentPostprocessing = 0;
		};
/* End PBXSourcesBuildPhase section */

/* Begin PBXVariantGroup section */
		31E8190022D7289400D1D5B6 /* Main.storyboard */ = {
			isa = PBXVariantGroup;
			children = (
				31E8190122D7289400D1D5B6 /* Base */,
			);
			name = Main.storyboard;
			sourceTree = "<group>";
		};
		31E8190522D7289600D1D5B6 /* LaunchScreen.storyboard */ = {
			isa = PBXVariantGroup;
			children = (
				31E8190622D7289600D1D5B6 /* Base */,
			);
			name = LaunchScreen.storyboard;
			sourceTree = "<group>";
		};
/* End PBXVariantGroup section */

/* Begin XCBuildConfiguration section */
		31E8190922D7289600D1D5B6 /* Debug */ = {
			isa = XCBuildConfiguration;
			buildSettings = {
				ALWAYS_SEARCH_USER_PATHS = NO;
				CLANG_ANALYZER_NONNULL = YES;
				CLANG_ANALYZER_NUMBER_OBJECT_CONVERSION = YES_AGGRESSIVE;
				CLANG_CXX_LANGUAGE_STANDARD = "gnu++14";
				CLANG_CXX_LIBRARY = "libc++";
				CLANG_ENABLE_MODULES = YES;
				CLANG_ENABLE_OBJC_ARC = YES;
				CLANG_ENABLE_OBJC_WEAK = YES;
				CLANG_WARN_BLOCK_CAPTURE_AUTORELEASING = YES;
				CLANG_WARN_BOOL_CONVERSION = YES;
				CLANG_WARN_COMMA = YES;
				CLANG_WARN_CONSTANT_CONVERSION = YES;
				CLANG_WARN_DEPRECATED_OBJC_IMPLEMENTATIONS = YES;
				CLANG_WARN_DIRECT_OBJC_ISA_USAGE = YES_ERROR;
				CLANG_WARN_DOCUMENTATION_COMMENTS = YES;
				CLANG_WARN_EMPTY_BODY = YES;
				CLANG_WARN_ENUM_CONVERSION = YES;
				CLANG_WARN_INFINITE_RECURSION = YES;
				CLANG_WARN_INT_CONVERSION = YES;
				CLANG_WARN_NON_LITERAL_NULL_CONVERSION = YES;
				CLANG_WARN_OBJC_IMPLICIT_RETAIN_SELF = YES;
				CLANG_WARN_OBJC_LITERAL_CONVERSION = YES;
				CLANG_WARN_OBJC_ROOT_CLASS = YES_ERROR;
				CLANG_WARN_RANGE_LOOP_ANALYSIS = YES;
				CLANG_WARN_STRICT_PROTOTYPES = YES;
				CLANG_WARN_SUSPICIOUS_MOVE = YES;
				CLANG_WARN_UNGUARDED_AVAILABILITY = YES_AGGRESSIVE;
				CLANG_WARN_UNREACHABLE_CODE = YES;
				CLANG_WARN__DUPLICATE_METHOD_MATCH = YES;
				CODE_SIGN_IDENTITY = "iPhone Developer";
				COPY_PHASE_STRIP = NO;
				DEBUG_INFORMATION_FORMAT = dwarf;
				ENABLE_STRICT_OBJC_MSGSEND = YES;
				ENABLE_TESTABILITY = YES;
				GCC_C_LANGUAGE_STANDARD = gnu11;
				GCC_DYNAMIC_NO_PIC = NO;
				GCC_NO_COMMON_BLOCKS = YES;
				GCC_OPTIMIZATION_LEVEL = 0;
				GCC_PREPROCESSOR_DEFINITIONS = (
					"DEBUG=1",
					"$(inherited)",
				);
				GCC_WARN_64_TO_32_BIT_CONVERSION = YES;
				GCC_WARN_ABOUT_RETURN_TYPE = YES_ERROR;
				GCC_WARN_UNDECLARED_SELECTOR = YES;
				GCC_WARN_UNINITIALIZED_AUTOS = YES_AGGRESSIVE;
				GCC_WARN_UNUSED_FUNCTION = YES;
				GCC_WARN_UNUSED_VARIABLE = YES;
				IPHONEOS_DEPLOYMENT_TARGET = 12.2;
				MTL_ENABLE_DEBUG_INFO = INCLUDE_SOURCE;
				MTL_FAST_MATH = YES;
				ONLY_ACTIVE_ARCH = YES;
				SDKROOT = iphoneos;
				SWIFT_ACTIVE_COMPILATION_CONDITIONS = DEBUG;
				SWIFT_OPTIMIZATION_LEVEL = "-Onone";
			};
			name = Debug;
		};
		31E8190A22D7289600D1D5B6 /* Release */ = {
			isa = XCBuildConfiguration;
			buildSettings = {
				ALWAYS_SEARCH_USER_PATHS = NO;
				CLANG_ANALYZER_NONNULL = YES;
				CLANG_ANALYZER_NUMBER_OBJECT_CONVERSION = YES_AGGRESSIVE;
				CLANG_CXX_LANGUAGE_STANDARD = "gnu++14";
				CLANG_CXX_LIBRARY = "libc++";
				CLANG_ENABLE_MODULES = YES;
				CLANG_ENABLE_OBJC_ARC = YES;
				CLANG_ENABLE_OBJC_WEAK = YES;
				CLANG_WARN_BLOCK_CAPTURE_AUTORELEASING = YES;
				CLANG_WARN_BOOL_CONVERSION = YES;
				CLANG_WARN_COMMA = YES;
				CLANG_WARN_CONSTANT_CONVERSION = YES;
				CLANG_WARN_DEPRECATED_OBJC_IMPLEMENTATIONS = YES;
				CLANG_WARN_DIRECT_OBJC_ISA_USAGE = YES_ERROR;
				CLANG_WARN_DOCUMENTATION_COMMENTS = YES;
				CLANG_WARN_EMPTY_BODY = YES;
				CLANG_WARN_ENUM_CONVERSION = YES;
				CLANG_WARN_INFINITE_RECURSION = YES;
				CLANG_WARN_INT_CONVERSION = YES;
				CLANG_WARN_NON_LITERAL_NULL_CONVERSION = YES;
				CLANG_WARN_OBJC_IMPLICIT_RETAIN_SELF = YES;
				CLANG_WARN_OBJC_LITERAL_CONVERSION = YES;
				CLANG_WARN_OBJC_ROOT_CLASS = YES_ERROR;
				CLANG_WARN_RANGE_LOOP_ANALYSIS = YES;
				CLANG_WARN_STRICT_PROTOTYPES = YES;
				CLANG_WARN_SUSPICIOUS_MOVE = YES;
				CLANG_WARN_UNGUARDED_AVAILABILITY = YES_AGGRESSIVE;
				CLANG_WARN_UNREACHABLE_CODE = YES;
				CLANG_WARN__DUPLICATE_METHOD_MATCH = YES;
				CODE_SIGN_IDENTITY = "iPhone Developer";
				COPY_PHASE_STRIP = NO;
				DEBUG_INFORMATION_FORMAT = "dwarf-with-dsym";
				ENABLE_NS_ASSERTIONS = NO;
				ENABLE_STRICT_OBJC_MSGSEND = YES;
				GCC_C_LANGUAGE_STANDARD = gnu11;
				GCC_NO_COMMON_BLOCKS = YES;
				GCC_WARN_64_TO_32_BIT_CONVERSION = YES;
				GCC_WARN_ABOUT_RETURN_TYPE = YES_ERROR;
				GCC_WARN_UNDECLARED_SELECTOR = YES;
				GCC_WARN_UNINITIALIZED_AUTOS = YES_AGGRESSIVE;
				GCC_WARN_UNUSED_FUNCTION = YES;
				GCC_WARN_UNUSED_VARIABLE = YES;
				IPHONEOS_DEPLOYMENT_TARGET = 12.2;
				MTL_ENABLE_DEBUG_INFO = NO;
				MTL_FAST_MATH = YES;
				SDKROOT = iphoneos;
				SWIFT_COMPILATION_MODE = wholemodule;
				SWIFT_OPTIMIZATION_LEVEL = "-O";
				VALIDATE_PRODUCT = YES;
			};
			name = Release;
		};
		31E8190C22D7289600D1D5B6 /* Debug */ = {
			isa = XCBuildConfiguration;
			buildSettings = {
				ASSETCATALOG_COMPILER_APPICON_NAME = AppIcon;
				CODE_SIGN_STYLE = Automatic;
				DEVELOPMENT_TEAM = R7386LHKG7;
				FRAMEWORK_SEARCH_PATHS = (
					"$(inherited)",
					"$(PROJECT_DIR)/Carthage/Build/iOS",
				);
				INFOPLIST_FILE = VKNews/Info.plist;
				LD_RUNPATH_SEARCH_PATHS = (
					"$(inherited)",
					"@executable_path/Frameworks",
				);
				PRODUCT_BUNDLE_IDENTIFIER = com.pandp.VKNews;
				PRODUCT_NAME = "$(TARGET_NAME)";
				SWIFT_VERSION = 5.0;
				TARGETED_DEVICE_FAMILY = "1,2";
			};
			name = Debug;
		};
		31E8190D22D7289600D1D5B6 /* Release */ = {
			isa = XCBuildConfiguration;
			buildSettings = {
				ASSETCATALOG_COMPILER_APPICON_NAME = AppIcon;
				CODE_SIGN_STYLE = Automatic;
				DEVELOPMENT_TEAM = R7386LHKG7;
				FRAMEWORK_SEARCH_PATHS = (
					"$(inherited)",
					"$(PROJECT_DIR)/Carthage/Build/iOS",
				);
				INFOPLIST_FILE = VKNews/Info.plist;
				LD_RUNPATH_SEARCH_PATHS = (
					"$(inherited)",
					"@executable_path/Frameworks",
				);
				PRODUCT_BUNDLE_IDENTIFIER = com.pandp.VKNews;
				PRODUCT_NAME = "$(TARGET_NAME)";
				SWIFT_VERSION = 5.0;
				TARGETED_DEVICE_FAMILY = "1,2";
			};
			name = Release;
		};
/* End XCBuildConfiguration section */

/* Begin XCConfigurationList section */
		31E818F422D7289400D1D5B6 /* Build configuration list for PBXProject "VKNews" */ = {
			isa = XCConfigurationList;
			buildConfigurations = (
				31E8190922D7289600D1D5B6 /* Debug */,
				31E8190A22D7289600D1D5B6 /* Release */,
			);
			defaultConfigurationIsVisible = 0;
			defaultConfigurationName = Release;
		};
		31E8190B22D7289600D1D5B6 /* Build configuration list for PBXNativeTarget "VKNews" */ = {
			isa = XCConfigurationList;
			buildConfigurations = (
				31E8190C22D7289600D1D5B6 /* Debug */,
				31E8190D22D7289600D1D5B6 /* Release */,
			);
			defaultConfigurationIsVisible = 0;
			defaultConfigurationName = Release;
		};
/* End XCConfigurationList section */
	};
	rootObject = 31E818F122D7289400D1D5B6 /* Project object */;
}
